
Microsoft Visual Studio Solution File, Format Version 12.00
# Visual Studio Version 17
VisualStudioVersion = 17.8.34408.163
MinimumVisualStudioVersion = 10.0.40219.1
Project("{8BC9CEB8-8B4A-11D0-8D11-00A0C91BC942}") = "AdventureGame", "AdventureGame\AdventureGame.vcxproj", "{F1BF5B61-1EC8-4F3D-BA1C-8B2E57E928CF}"
EndProject
Global
	GlobalSection(SolutionConfigurationPlatforms) = preSolution
		Debug|x64 = Debug|x64
		Debug|x86 = Debug|x86
		Release|x64 = Release|x64
		Release|x86 = Release|x86
	EndGlobalSection
	GlobalSection(ProjectConfigurationPlatforms) = postSolution
		{F1BF5B61-1EC8-4F3D-BA1C-8B2E57E928CF}.Debug|x64.ActiveCfg = Debug|x64
		{F1BF5B61-1EC8-4F3D-BA1C-8B2E57E928CF}.Debug|x64.Build.0 = Debug|x64
		{F1BF5B61-1EC8-4F3D-BA1C-8B2E57E928CF}.Debug|x86.ActiveCfg = Debug|Win32
		{F1BF5B61-1EC8-4F3D-BA1C-8B2E57E928CF}.Debug|x86.Build.0 = Debug|Win32
		{F1BF5B61-1EC8-4F3D-BA1C-8B2E57E928CF}.Release|x64.ActiveCfg = Release|x64
		{F1BF5B61-1EC8-4F3D-BA1C-8B2E57E928CF}.Release|x64.Build.0 = Release|x64
		{F1BF5B61-1EC8-4F3D-BA1C-8B2E57E928CF}.Release|x86.ActiveCfg = Release|Win32
		{F1BF5B61-1EC8-4F3D-BA1C-8B2E57E928CF}.Release|x86.Build.0 = Release|Win32
	EndGlobalSection
	GlobalSection(SolutionProperties) = preSolution
		HideSolutionNode = FALSE
	EndGlobalSection
	GlobalSection(ExtensibilityGlobals) = postSolution
		SolutionGuid = {2A1D70A2-0E6D-46AB-BEA9-786D918FF8CB}
	EndGlobalSection
EndGlobal
